
Microsoft Visual Studio Solution File, Format Version 12.00
# Visual Studio Version 16
VisualStudioVersion = 16.0.31313.79
MinimumVisualStudioVersion = 10.0.40219.1
Project("{9A19103F-16F7-4668-BE54-9A1E7A4F7556}") = "StockInvestments.API", "StockInvestments.API\StockInvestments.API.csproj", "{AB8CBAA9-6F07-4558-A2B5-91325E3E912A}"
EndProject
Project("{9A19103F-16F7-4668-BE54-9A1E7A4F7556}") = "StockInvestmentsUI", "StockInvestmentsUI\StockInvestmentsUI.csproj", "{A2F1E86B-CFF6-454F-A884-0AF435DCE794}"
EndProject
Project("{FAE04EC0-301F-11D3-BF4B-00C04F79EFBC}") = "StockInvestments.API.UnitTest", "StockInvestments.API.UnitTest\StockInvestments.API.UnitTest.csproj", "{F9FE93E2-6C63-43B4-B91C-BE859E7386D8}"
EndProject
Global
	GlobalSection(SolutionConfigurationPlatforms) = preSolution
		Debug|Any CPU = Debug|Any CPU
		Release|Any CPU = Release|Any CPU
	EndGlobalSection
	GlobalSection(ProjectConfigurationPlatforms) = postSolution
		{AB8CBAA9-6F07-4558-A2B5-91325E3E912A}.Debug|Any CPU.ActiveCfg = Debug|Any CPU
		{AB8CBAA9-6F07-4558-A2B5-91325E3E912A}.Debug|Any CPU.Build.0 = Debug|Any CPU
		{AB8CBAA9-6F07-4558-A2B5-91325E3E912A}.Release|Any CPU.ActiveCfg = Release|Any CPU
		{AB8CBAA9-6F07-4558-A2B5-91325E3E912A}.Release|Any CPU.Build.0 = Release|Any CPU
		{A2F1E86B-CFF6-454F-A884-0AF435DCE794}.Debug|Any CPU.ActiveCfg = Debug|Any CPU
		{A2F1E86B-CFF6-454F-A884-0AF435DCE794}.Debug|Any CPU.Build.0 = Debug|Any CPU
		{A2F1E86B-CFF6-454F-A884-0AF435DCE794}.Release|Any CPU.ActiveCfg = Release|Any CPU
		{A2F1E86B-CFF6-454F-A884-0AF435DCE794}.Release|Any CPU.Build.0 = Release|Any CPU
		{F9FE93E2-6C63-43B4-B91C-BE859E7386D8}.Debug|Any CPU.ActiveCfg = Debug|Any CPU
		{F9FE93E2-6C63-43B4-B91C-BE859E7386D8}.Debug|Any CPU.Build.0 = Debug|Any CPU
		{F9FE93E2-6C63-43B4-B91C-BE859E7386D8}.Release|Any CPU.ActiveCfg = Release|Any CPU
		{F9FE93E2-6C63-43B4-B91C-BE859E7386D8}.Release|Any CPU.Build.0 = Release|Any CPU
	EndGlobalSection
	GlobalSection(SolutionProperties) = preSolution
		HideSolutionNode = FALSE
	EndGlobalSection
	GlobalSection(ExtensibilityGlobals) = postSolution
		SolutionGuid = {899D6271-F615-445D-B9E6-D2D216BE11A9}
	EndGlobalSection
EndGlobal
